
Microsoft Visual Studio Solution File, Format Version 12.00
# Visual Studio Version 17
VisualStudioVersion = 17.0.31903.59
MinimumVisualStudioVersion = 10.0.40219.1
Project("{FAE04EC0-301F-11D3-BF4B-00C04F79EFBC}") = "ConsoleBelajarDotnet9", "ConsoleBelajarDotnet9\ConsoleBelajarDotnet9.csproj", "{4E6F9585-5846-47B4-A347-4293AD22F2A8}"
EndProject
Project("{FAE04EC0-301F-11D3-BF4B-00C04F79EFBC}") = "ContohAspNetCoreMvcNet9", "ContohAspNetCoreMvcNet9\ContohAspNetCoreMvcNet9.csproj", "{6C89CEDE-6937-4993-B735-D7579D54AB89}"
EndProject
Project("{FAE04EC0-301F-11D3-BF4B-00C04F79EFBC}") = "ConsoleUseProgramMainNet9", "ConsoleUseProgramMainNet9\ConsoleUseProgramMainNet9.csproj", "{C708CD33-BDEB-40FB-8FFB-ABFC5CAE5543}"
EndProject
Project("{FAE04EC0-301F-11D3-BF4B-00C04F79EFBC}") = "ContohWinformsNet9", "ContohWinformsNet9\ContohWinformsNet9.csproj", "{82BFF6CD-6E1D-41AC-935A-C9DC9D6F48AF}"
EndProject
Project("{FAE04EC0-301F-11D3-BF4B-00C04F79EFBC}") = "ContohAspNetCoreRazorNet9", "ContohAspNetCoreRazorNet9\ContohAspNetCoreRazorNet9.csproj", "{F06E3D55-E0C2-4F2C-AC66-F11016D3BC28}"
EndProject
Project("{FAE04EC0-301F-11D3-BF4B-00C04F79EFBC}") = "ContohBlazorWebAppNet9", "ContohBlazorWebAppNet9\ContohBlazorWebAppNet9.csproj", "{D2845FA7-E30E-47EB-AB82-3C1EA4D0181F}"
EndProject
Project("{FAE04EC0-301F-11D3-BF4B-00C04F79EFBC}") = "ContohBlazorWasmNet9", "ContohBlazorWasmNet9\ContohBlazorWasmNet9.csproj", "{1FFF8C6A-378F-49D0-8895-B77952896AAF}"
EndProject
Project("{FAE04EC0-301F-11D3-BF4B-00C04F79EFBC}") = "DiskusiMateriString", "DiskusiMateriString\DiskusiMateriString.csproj", "{849EB14C-C438-4880-B5E1-769E035BA203}"
EndProject
Project("{FAE04EC0-301F-11D3-BF4B-00C04F79EFBC}") = "DIskusiMateriValueTypeRefType", "DIskusiMateriValueTypeRefType\DIskusiMateriValueTypeRefType.csproj", "{DB455A35-2DA8-4275-9CFD-A32E5AC431FA}"
EndProject
Project("{FAE04EC0-301F-11D3-BF4B-00C04F79EFBC}") = "DiskusiStructRefTypeNetFramework", "DiskusiStructRefTypeNetFramework\DiskusiStructRefTypeNetFramework.csproj", "{974F925A-BDA2-4BFA-BEA1-50113817C79C}"
EndProject
Project("{FAE04EC0-301F-11D3-BF4B-00C04F79EFBC}") = "DiskusiSpanMemoryUnsafe", "DiskusiSpanMemoryUnsafe\DiskusiSpanMemoryUnsafe.csproj", "{220DB18A-FD89-4D74-AAF4-401F5E896F4A}"
EndProject
Project("{FAE04EC0-301F-11D3-BF4B-00C04F79EFBC}") = "DiskusiAsyncAwaitDenganContohWinforms", "DiskusiAsyncAwaitDenganContohWinforms\DiskusiAsyncAwaitDenganContohWinforms.csproj", "{8C097896-6796-A615-88B1-9BEC56366904}"
EndProject
Project("{FAE04EC0-301F-11D3-BF4B-00C04F79EFBC}") = "DiskusiAsyncAwaitContohBlazorWeb", "DiskusiAsyncAwaitContohBlazorWeb\DiskusiAsyncAwaitContohBlazorWeb.csproj", "{8BB5EB70-88C0-48C3-B135-63C1AB3F42A3}"
EndProject
Project("{FAE04EC0-301F-11D3-BF4B-00C04F79EFBC}") = "DIskusiCrossThreadWinforms", "DIskusiCrossThreadWinforms\DIskusiCrossThreadWinforms.csproj", "{3F8908FD-AE95-46A3-AB28-7B2496EC6482}"
EndProject
Project("{FAE04EC0-301F-11D3-BF4B-00C04F79EFBC}") = "DiskusiCancelationTokenWinforms", "DiskusiCancelationTokenWinforms\DiskusiCancelationTokenWinforms.csproj", "{73A351F6-8AD4-4D46-9769-6233174A3A3B}"
EndProject
Global
	GlobalSection(SolutionConfigurationPlatforms) = preSolution
		Debug|Any CPU = Debug|Any CPU
		Release|Any CPU = Release|Any CPU
	EndGlobalSection
	GlobalSection(ProjectConfigurationPlatforms) = postSolution
		{4E6F9585-5846-47B4-A347-4293AD22F2A8}.Debug|Any CPU.ActiveCfg = Debug|Any CPU
		{4E6F9585-5846-47B4-A347-4293AD22F2A8}.Debug|Any CPU.Build.0 = Debug|Any CPU
		{4E6F9585-5846-47B4-A347-4293AD22F2A8}.Release|Any CPU.ActiveCfg = Release|Any CPU
		{4E6F9585-5846-47B4-A347-4293AD22F2A8}.Release|Any CPU.Build.0 = Release|Any CPU
		{6C89CEDE-6937-4993-B735-D7579D54AB89}.Debug|Any CPU.ActiveCfg = Debug|Any CPU
		{6C89CEDE-6937-4993-B735-D7579D54AB89}.Debug|Any CPU.Build.0 = Debug|Any CPU
		{6C89CEDE-6937-4993-B735-D7579D54AB89}.Release|Any CPU.ActiveCfg = Release|Any CPU
		{6C89CEDE-6937-4993-B735-D7579D54AB89}.Release|Any CPU.Build.0 = Release|Any CPU
		{C708CD33-BDEB-40FB-8FFB-ABFC5CAE5543}.Debug|Any CPU.ActiveCfg = Debug|Any CPU
		{C708CD33-BDEB-40FB-8FFB-ABFC5CAE5543}.Debug|Any CPU.Build.0 = Debug|Any CPU
		{C708CD33-BDEB-40FB-8FFB-ABFC5CAE5543}.Release|Any CPU.ActiveCfg = Release|Any CPU
		{C708CD33-BDEB-40FB-8FFB-ABFC5CAE5543}.Release|Any CPU.Build.0 = Release|Any CPU
		{82BFF6CD-6E1D-41AC-935A-C9DC9D6F48AF}.Debug|Any CPU.ActiveCfg = Debug|Any CPU
		{82BFF6CD-6E1D-41AC-935A-C9DC9D6F48AF}.Debug|Any CPU.Build.0 = Debug|Any CPU
		{82BFF6CD-6E1D-41AC-935A-C9DC9D6F48AF}.Release|Any CPU.ActiveCfg = Release|Any CPU
		{82BFF6CD-6E1D-41AC-935A-C9DC9D6F48AF}.Release|Any CPU.Build.0 = Release|Any CPU
		{F06E3D55-E0C2-4F2C-AC66-F11016D3BC28}.Debug|Any CPU.ActiveCfg = Debug|Any CPU
		{F06E3D55-E0C2-4F2C-AC66-F11016D3BC28}.Debug|Any CPU.Build.0 = Debug|Any CPU
		{F06E3D55-E0C2-4F2C-AC66-F11016D3BC28}.Release|Any CPU.ActiveCfg = Release|Any CPU
		{F06E3D55-E0C2-4F2C-AC66-F11016D3BC28}.Release|Any CPU.Build.0 = Release|Any CPU
		{D2845FA7-E30E-47EB-AB82-3C1EA4D0181F}.Debug|Any CPU.ActiveCfg = Debug|Any CPU
		{D2845FA7-E30E-47EB-AB82-3C1EA4D0181F}.Debug|Any CPU.Build.0 = Debug|Any CPU
		{D2845FA7-E30E-47EB-AB82-3C1EA4D0181F}.Release|Any CPU.ActiveCfg = Release|Any CPU
		{D2845FA7-E30E-47EB-AB82-3C1EA4D0181F}.Release|Any CPU.Build.0 = Release|Any CPU
		{1FFF8C6A-378F-49D0-8895-B77952896AAF}.Debug|Any CPU.ActiveCfg = Debug|Any CPU
		{1FFF8C6A-378F-49D0-8895-B77952896AAF}.Debug|Any CPU.Build.0 = Debug|Any CPU
		{1FFF8C6A-378F-49D0-8895-B77952896AAF}.Release|Any CPU.ActiveCfg = Release|Any CPU
		{1FFF8C6A-378F-49D0-8895-B77952896AAF}.Release|Any CPU.Build.0 = Release|Any CPU
		{849EB14C-C438-4880-B5E1-769E035BA203}.Debug|Any CPU.ActiveCfg = Debug|Any CPU
		{849EB14C-C438-4880-B5E1-769E035BA203}.Debug|Any CPU.Build.0 = Debug|Any CPU
		{849EB14C-C438-4880-B5E1-769E035BA203}.Release|Any CPU.ActiveCfg = Release|Any CPU
		{849EB14C-C438-4880-B5E1-769E035BA203}.Release|Any CPU.Build.0 = Release|Any CPU
		{DB455A35-2DA8-4275-9CFD-A32E5AC431FA}.Debug|Any CPU.ActiveCfg = Debug|Any CPU
		{DB455A35-2DA8-4275-9CFD-A32E5AC431FA}.Debug|Any CPU.Build.0 = Debug|Any CPU
		{DB455A35-2DA8-4275-9CFD-A32E5AC431FA}.Release|Any CPU.ActiveCfg = Release|Any CPU
		{DB455A35-2DA8-4275-9CFD-A32E5AC431FA}.Release|Any CPU.Build.0 = Release|Any CPU
		{974F925A-BDA2-4BFA-BEA1-50113817C79C}.Debug|Any CPU.ActiveCfg = Debug|Any CPU
		{974F925A-BDA2-4BFA-BEA1-50113817C79C}.Debug|Any CPU.Build.0 = Debug|Any CPU
		{974F925A-BDA2-4BFA-BEA1-50113817C79C}.Release|Any CPU.ActiveCfg = Release|Any CPU
		{974F925A-BDA2-4BFA-BEA1-50113817C79C}.Release|Any CPU.Build.0 = Release|Any CPU
		{220DB18A-FD89-4D74-AAF4-401F5E896F4A}.Debug|Any CPU.ActiveCfg = Debug|Any CPU
		{220DB18A-FD89-4D74-AAF4-401F5E896F4A}.Debug|Any CPU.Build.0 = Debug|Any CPU
		{220DB18A-FD89-4D74-AAF4-401F5E896F4A}.Release|Any CPU.ActiveCfg = Release|Any CPU
		{220DB18A-FD89-4D74-AAF4-401F5E896F4A}.Release|Any CPU.Build.0 = Release|Any CPU
		{8C097896-6796-A615-88B1-9BEC56366904}.Debug|Any CPU.ActiveCfg = Debug|Any CPU
		{8C097896-6796-A615-88B1-9BEC56366904}.Debug|Any CPU.Build.0 = Debug|Any CPU
		{8C097896-6796-A615-88B1-9BEC56366904}.Release|Any CPU.ActiveCfg = Release|Any CPU
		{8C097896-6796-A615-88B1-9BEC56366904}.Release|Any CPU.Build.0 = Release|Any CPU
		{8BB5EB70-88C0-48C3-B135-63C1AB3F42A3}.Debug|Any CPU.ActiveCfg = Debug|Any CPU
		{8BB5EB70-88C0-48C3-B135-63C1AB3F42A3}.Debug|Any CPU.Build.0 = Debug|Any CPU
		{8BB5EB70-88C0-48C3-B135-63C1AB3F42A3}.Release|Any CPU.ActiveCfg = Release|Any CPU
		{8BB5EB70-88C0-48C3-B135-63C1AB3F42A3}.Release|Any CPU.Build.0 = Release|Any CPU
		{3F8908FD-AE95-46A3-AB28-7B2496EC6482}.Debug|Any CPU.ActiveCfg = Debug|Any CPU
		{3F8908FD-AE95-46A3-AB28-7B2496EC6482}.Debug|Any CPU.Build.0 = Debug|Any CPU
		{3F8908FD-AE95-46A3-AB28-7B2496EC6482}.Release|Any CPU.ActiveCfg = Release|Any CPU
		{3F8908FD-AE95-46A3-AB28-7B2496EC6482}.Release|Any CPU.Build.0 = Release|Any CPU
		{73A351F6-8AD4-4D46-9769-6233174A3A3B}.Debug|Any CPU.ActiveCfg = Debug|Any CPU
		{73A351F6-8AD4-4D46-9769-6233174A3A3B}.Debug|Any CPU.Build.0 = Debug|Any CPU
		{73A351F6-8AD4-4D46-9769-6233174A3A3B}.Release|Any CPU.ActiveCfg = Release|Any CPU
		{73A351F6-8AD4-4D46-9769-6233174A3A3B}.Release|Any CPU.Build.0 = Release|Any CPU
	EndGlobalSection
	GlobalSection(SolutionProperties) = preSolution
		HideSolutionNode = FALSE
	EndGlobalSection
	GlobalSection(ExtensibilityGlobals) = postSolution
		SolutionGuid = {A039E6E6-5AFF-45D7-8626-D154E3D283B7}
	EndGlobalSection
EndGlobal
